{
    "_readme": [
        "This file locks the dependencies of your project to a known state",
        "Read more about it at http://getcomposer.org/doc/01-basic-usage.md#composer-lock-the-lock-file",
        "This file is @generated automatically"
    ],
    "hash": "0bf7ac638aba814cbe3580d46b702b18",
    "packages": [
        {
            "name": "aura/cli",
            "version": "dev-develop-2",
            "source": {
                "type": "git",
                "url": "https://github.com/auraphp/Aura.Cli.git",
                "reference": "6c0df0ee77c8cd5e73fa607e7216b9ce6c5e7ff9"
            },
            "dist": {
                "type": "zip",
                "url": "https://api.github.com/repos/auraphp/Aura.Cli/zipball/6c0df0ee77c8cd5e73fa607e7216b9ce6c5e7ff9",
                "reference": "6c0df0ee77c8cd5e73fa607e7216b9ce6c5e7ff9",
                "shasum": ""
            },
            "require": {
                "php": ">=5.3.0"
            },
            "type": "library",
            "extra": {
                "aura": {
                    "type": "library",
                    "config": {
                        "common": "Aura\\Cli\\_Config\\Common"
                    }
                },
                "branch-alias": {
                    "dev-develop-2": "2.0.x-dev"
                }
            },
            "autoload": {
                "psr-4": {
                    "Aura\\Cli\\": "src/",
                    "Aura\\Cli\\_Config\\": "config/"
                }
            },
            "notification-url": "https://packagist.org/downloads/",
            "license": [
                "BSD-2-Clause"
            ],
            "authors": [
                {
                    "name": "Aura.Cli Contributors",
                    "homepage": "https://github.com/auraphp/Aura.Cli/contributors"
                }
            ],
            "description": "Provides the equivalent of request (Context) and response (Stdio) classes for a command line environment, including Getopt support.",
            "homepage": "https://github.com/auraphp/Aura.Cli/releases",
            "keywords": [
                "cli",
                "command",
                "command line",
                "getopt",
                "options",
                "stdio"
            ],
            "time": "2014-05-30 17:07:12"
        },
        {
            "name": "eloquent/enumeration",
            "version": "5.1.0",
            "source": {
                "type": "git",
                "url": "https://github.com/eloquent/enumeration.git",
                "reference": "9c50109cf25b2008b9b8233b814e50e0cdf8b737"
            },
            "dist": {
                "type": "zip",
                "url": "https://api.github.com/repos/eloquent/enumeration/zipball/9c50109cf25b2008b9b8233b814e50e0cdf8b737",
                "reference": "9c50109cf25b2008b9b8233b814e50e0cdf8b737",
                "shasum": ""
            },
            "require": {
                "php": ">=5.3"
            },
            "require-dev": {
                "icecave/archer": "~1"
            },
            "type": "library",
            "autoload": {
                "psr-4": {
                    "Eloquent\\Enumeration\\": "src"
                }
            },
            "notification-url": "https://packagist.org/downloads/",
            "license": [
                "MIT"
            ],
            "authors": [
                {
                    "name": "Erin Millard",
                    "email": "ezzatron@gmail.com",
                    "homepage": "http://ezzatron.com/"
                }
            ],
            "description": "An enumeration implementation for PHP.",
            "homepage": "https://github.com/eloquent/enumeration",
            "keywords": [
                "class",
                "enum",
                "enumeration",
                "multiton",
                "set",
                "type"
            ],
            "time": "2014-03-13 01:16:59"
        },
        {
            "name": "guzzlehttp/command",
            "version": "0.4.0",
            "source": {
                "type": "git",
                "url": "https://github.com/guzzle/command.git",
                "reference": "a06e799bca01ebddf46757e678ede6cf17147f9e"
            },
            "dist": {
                "type": "zip",
                "url": "https://api.github.com/repos/guzzle/command/zipball/a06e799bca01ebddf46757e678ede6cf17147f9e",
                "reference": "a06e799bca01ebddf46757e678ede6cf17147f9e",
                "shasum": ""
            },
            "require": {
                "guzzlehttp/guzzle": "~4.0",
                "php": ">=5.4.0"
            },
            "require-dev": {
                "phpunit/phpunit": "~4.0"
            },
            "type": "library",
            "autoload": {
                "psr-4": {
                    "GuzzleHttp\\Command\\": "src/"
                }
            },
            "notification-url": "https://packagist.org/downloads/",
            "license": [
                "MIT"
            ],
            "authors": [
                {
                    "name": "Michael Dowling",
                    "email": "mtdowling@gmail.com",
                    "homepage": "https://github.com/mtdowling"
                }
            ],
            "description": "Provides the foundation for building command based web service clients",
            "time": "2014-04-30 03:48:46"
        },
        {
            "name": "guzzlehttp/guzzle",
            "version": "4.1.4",
            "source": {
                "type": "git",
                "url": "https://github.com/guzzle/guzzle.git",
                "reference": "5ae164dae6e65784286a698800190bc094407f7c"
            },
            "dist": {
                "type": "zip",
                "url": "https://api.github.com/repos/guzzle/guzzle/zipball/5ae164dae6e65784286a698800190bc094407f7c",
                "reference": "5ae164dae6e65784286a698800190bc094407f7c",
                "shasum": ""
            },
            "require": {
                "ext-json": "*",
                "guzzlehttp/streams": "~1.4",
                "php": ">=5.4.0"
            },
            "require-dev": {
                "ext-curl": "*",
                "phpunit/phpunit": "~4.0",
                "psr/log": "~1.0"
            },
            "suggest": {
                "ext-curl": "Guzzle will use specific adapters if cURL is present"
            },
            "type": "library",
            "extra": {
                "branch-alias": {
                    "dev-master": "4.1.x-dev"
                }
            },
            "autoload": {
                "psr-4": {
                    "GuzzleHttp\\": "src/"
                },
                "files": [
                    "src/functions.php"
                ]
            },
            "notification-url": "https://packagist.org/downloads/",
            "license": [
                "MIT"
            ],
            "authors": [
                {
                    "name": "Michael Dowling",
                    "email": "mtdowling@gmail.com",
                    "homepage": "https://github.com/mtdowling"
                }
            ],
            "description": "Guzzle is a PHP HTTP client library and framework for building RESTful web service clients",
            "homepage": "http://guzzlephp.org/",
            "keywords": [
                "client",
                "curl",
                "framework",
                "http",
                "http client",
                "rest",
                "web service"
            ],
            "time": "2014-07-23 00:52:39"
        },
        {
            "name": "guzzlehttp/guzzle-services",
            "version": "0.3.0",
            "source": {
                "type": "git",
                "url": "https://github.com/guzzle/guzzle-services.git",
                "reference": "689dfa73b65e2c0a74184a5fb8c5a6ef0b160911"
            },
            "dist": {
                "type": "zip",
                "url": "https://api.github.com/repos/guzzle/guzzle-services/zipball/689dfa73b65e2c0a74184a5fb8c5a6ef0b160911",
                "reference": "689dfa73b65e2c0a74184a5fb8c5a6ef0b160911",
                "shasum": ""
            },
            "require": {
                "guzzlehttp/command": "~0.2",
                "php": ">=5.4.0"
            },
            "require-dev": {
                "phpunit/phpunit": "~4.0"
            },
            "type": "library",
            "autoload": {
                "psr-4": {
                    "GuzzleHttp\\Command\\Guzzle\\": "src/"
                }
            },
            "notification-url": "https://packagist.org/downloads/",
            "license": [
                "MIT"
            ],
            "authors": [
                {
                    "name": "Michael Dowling",
                    "email": "mtdowling@gmail.com",
                    "homepage": "https://github.com/mtdowling"
                }
            ],
            "description": "Provides an implementation of the Guzzle Command library that uses Guzzle service descriptions to describe web services, serialize requests, and parse responses into easy to use model structures.",
            "time": "2014-06-01 20:00:25"
        },
        {
            "name": "guzzlehttp/streams",
            "version": "1.4.0",
            "source": {
                "type": "git",
                "url": "https://github.com/guzzle/streams.git",
                "reference": "3b761a328e5ed6ed519e960aded95d7acbe77894"
            },
            "dist": {
                "type": "zip",
                "url": "https://api.github.com/repos/guzzle/streams/zipball/3b761a328e5ed6ed519e960aded95d7acbe77894",
                "reference": "3b761a328e5ed6ed519e960aded95d7acbe77894",
                "shasum": ""
            },
            "require": {
                "php": ">=5.4.0"
            },
            "require-dev": {
                "phpunit/phpunit": "~4.0"
            },
            "type": "library",
            "extra": {
                "branch-alias": {
                    "dev-master": "1.4.x-dev"
                }
            },
            "autoload": {
                "psr-4": {
                    "GuzzleHttp\\Stream\\": "src/"
                },
                "files": [
                    "src/functions.php"
                ]
            },
            "notification-url": "https://packagist.org/downloads/",
            "license": [
                "MIT"
            ],
            "authors": [
                {
                    "name": "Michael Dowling",
                    "email": "mtdowling@gmail.com",
                    "homepage": "https://github.com/mtdowling"
                }
            ],
            "description": "Provides a simple abstraction over streams of data (Guzzle 4+)",
            "homepage": "http://guzzlephp.org/",
            "keywords": [
                "Guzzle",
                "stream"
            ],
            "time": "2014-07-19 18:43:42"
        },
        {
            "name": "mcrumm/vindinium-guzzle",
            "version": "v0.2.0",
            "source": {
                "type": "git",
                "url": "https://github.com/mcrumm/vindinium-guzzle.git",
                "reference": "5eb061be93d4ed2eaa87298c0de7f7652acabca9"
            },
            "dist": {
                "type": "zip",
                "url": "https://api.github.com/repos/mcrumm/vindinium-guzzle/zipball/5eb061be93d4ed2eaa87298c0de7f7652acabca9",
                "reference": "5eb061be93d4ed2eaa87298c0de7f7652acabca9",
                "shasum": ""
            },
            "require": {
                "guzzlehttp/guzzle-services": "0.3.*"
            },
            "type": "library",
            "autoload": {
                "psr-4": {
                    "Vindinium\\Http\\": "src/"
                }
            },
            "notification-url": "https://packagist.org/downloads/",
            "license": [
                "MIT"
            ],
            "authors": [
                {
                    "name": "Michael Crumm",
                    "email": "mike@crumm.net"
                }
            ],
            "description": "Vindinium client in Guzzle4",
            "keywords": [
                "Guzzle",
                "vindinium"
            ],
            "time": "2014-07-21 06:30:31"
        }
    ],
    "packages-dev": [
        {
            "name": "hackpack/hacktions",
            "version": "v1.1.1",
            "source": {
                "type": "git",
                "url": "https://github.com/HackPack/hacktions.git",
                "reference": "b360f603956749ab2b920bbeef0708ce0a87ae7c"
            },
            "dist": {
                "type": "zip",
                "url": "https://api.github.com/repos/HackPack/hacktions/zipball/b360f603956749ab2b920bbeef0708ce0a87ae7c",
                "reference": "b360f603956749ab2b920bbeef0708ce0a87ae7c",
                "shasum": ""
            },
            "require-dev": {
                "hackpack/hackunit": "dev-master"
            },
            "type": "library",
            "autoload": {
                "psr-4": {
                    "HackPack\\Hacktions\\": ""
                }
            },
            "notification-url": "https://packagist.org/downloads/",
            "license": [
                "MIT"
            ],
            "authors": [
                {
                    "name": "Brian",
                    "email": "scaturrob@gmail.com",
                    "homepage": "http://brianscaturro.com",
                    "role": "Lead"
                },
                {
                    "name": "Ryan Plas",
                    "email": "plasmamars@gmail.com",
                    "homepage": "http://ryanplas.com",
                    "role": "lead"
                }
            ],
            "description": "Event library written in hacklang",
            "keywords": [
                "events",
                "hack",
                "hhvm"
            ],
            "time": "2014-05-21 03:03:41"
        },
        {
            "name": "hackpack/hackunit",
            "version": "v0.3.0",
            "source": {
                "type": "git",
                "url": "https://github.com/HackPack/HackUnit.git",
                "reference": "c528e380a248ac21b928de8b63a3063748be601f"
            },
            "dist": {
                "type": "zip",
                "url": "https://api.github.com/repos/HackPack/HackUnit/zipball/c528e380a248ac21b928de8b63a3063748be601f",
                "reference": "c528e380a248ac21b928de8b63a3063748be601f",
                "shasum": ""
            },
            "require": {
                "hackpack/hacktions": "v1.1.1"
            },
            "bin": [
                "bin/hackunit"
            ],
            "type": "library",
            "autoload": {
                "psr-4": {
                    "HackPack\\HackUnit\\": ""
                }
            },
            "notification-url": "https://packagist.org/downloads/",
            "license": [
                "MIT"
            ],
            "authors": [
                {
                    "name": "Brian",
                    "email": "scaturrob@gmail.com",
                    "homepage": "http://brianscaturro.com",
                    "role": "Lead"
                }
            ],
            "description": "xUnit library for hacklang written in strict mode",
            "keywords": [
                "hack",
                "hhvm",
                "testing",
                "xunit"
            ],
            "time": "2014-05-21 03:50:10"
        }
    ],
    "aliases": [],
    "minimum-stability": "stable",
    "stability-flags": {
        "aura/cli": 20
    },
    "prefer-stable": false,
    "platform": {
        "hhvm": ">=3.2.0"
    },
    "platform-dev": []
}
